// !$*UTF8*$!
{
	archiveVersion = 1;
	classes = {
	};
	objectVersion = 46;
	objects = {

/* Begin PBXBuildFile section */
		8D2387621DD9566500BF10E1 /* AppDelegate.swift in Sources */ = {isa = PBXBuildFile; fileRef = 8D2387611DD9566500BF10E1 /* AppDelegate.swift */; };
		8D2387641DD9566500BF10E1 /* Assets.xcassets in Resources */ = {isa = PBXBuildFile; fileRef = 8D2387631DD9566500BF10E1 /* Assets.xcassets */; };
		8D2387711DD956FE00BF10E1 /* DockerAPIClient.swift in Sources */ = {isa = PBXBuildFile; fileRef = 8D23876E1DD956FE00BF10E1 /* DockerAPIClient.swift */; };
		8D2387731DD956FE00BF10E1 /* UnixClientSocket.swift in Sources */ = {isa = PBXBuildFile; fileRef = 8D2387701DD956FE00BF10E1 /* UnixClientSocket.swift */; };
		8D49332D1DF47AA700A74A5A /* ContainersMenuController.swift in Sources */ = {isa = PBXBuildFile; fileRef = 8D49332B1DF47AA700A74A5A /* ContainersMenuController.swift */; };
		8D4933301DF4824000A74A5A /* MainMenu.xib in Resources */ = {isa = PBXBuildFile; fileRef = 8D49332F1DF4824000A74A5A /* MainMenu.xib */; };
		8D79841C1DE881AF0041B6E6 /* Container.swift in Sources */ = {isa = PBXBuildFile; fileRef = 8D79841B1DE881AF0041B6E6 /* Container.swift */; };
		8DEE2A911DE5F5EA000E4B9D /* HTTPMessageWrapper.swift in Sources */ = {isa = PBXBuildFile; fileRef = 8DEE2A901DE5F5EA000E4B9D /* HTTPMessageWrapper.swift */; };
/* End PBXBuildFile section */

/* Begin PBXFileReference section */
		8D23875E1DD9566500BF10E1 /* DockerStatsMenu.app */ = {isa = PBXFileReference; explicitFileType = wrapper.application; includeInIndex = 0; path = DockerStatsMenu.app; sourceTree = BUILT_PRODUCTS_DIR; };
		8D2387611DD9566500BF10E1 /* AppDelegate.swift */ = {isa = PBXFileReference; lastKnownFileType = sourcecode.swift; path = AppDelegate.swift; sourceTree = "<group>"; };
		8D2387631DD9566500BF10E1 /* Assets.xcassets */ = {isa = PBXFileReference; lastKnownFileType = folder.assetcatalog; path = Assets.xcassets; sourceTree = "<group>"; };
		8D2387681DD9566500BF10E1 /* Info.plist */ = {isa = PBXFileReference; lastKnownFileType = text.plist.xml; path = Info.plist; sourceTree = "<group>"; };
		8D23876E1DD956FE00BF10E1 /* DockerAPIClient.swift */ = {isa = PBXFileReference; fileEncoding = 4; lastKnownFileType = sourcecode.swift; path = DockerAPIClient.swift; sourceTree = "<group>"; };
		8D2387701DD956FE00BF10E1 /* UnixClientSocket.swift */ = {isa = PBXFileReference; fileEncoding = 4; lastKnownFileType = sourcecode.swift; path = UnixClientSocket.swift; sourceTree = "<group>"; };
		8D49332B1DF47AA700A74A5A /* ContainersMenuController.swift */ = {isa = PBXFileReference; fileEncoding = 4; lastKnownFileType = sourcecode.swift; path = ContainersMenuController.swift; sourceTree = "<group>"; };
		8D49332F1DF4824000A74A5A /* MainMenu.xib */ = {isa = PBXFileReference; fileEncoding = 4; lastKnownFileType = file.xib; path = MainMenu.xib; sourceTree = "<group>"; };
		8D79841B1DE881AF0041B6E6 /* Container.swift */ = {isa = PBXFileReference; fileEncoding = 4; lastKnownFileType = sourcecode.swift; path = Container.swift; sourceTree = "<group>"; };
		8DEE2A901DE5F5EA000E4B9D /* HTTPMessageWrapper.swift */ = {isa = PBXFileReference; fileEncoding = 4; lastKnownFileType = sourcecode.swift; path = HTTPMessageWrapper.swift; sourceTree = "<group>"; };
/* End PBXFileReference section */

/* Begin PBXFrameworksBuildPhase section */
		8D23875B1DD9566500BF10E1 /* Frameworks */ = {
			isa = PBXFrameworksBuildPhase;
			buildActionMask = 2147483647;
			files = (
			);
			runOnlyForDeploymentPostprocessing = 0;
		};
/* End PBXFrameworksBuildPhase section */

/* Begin PBXGroup section */
		8D2387551DD9566500BF10E1 = {
			isa = PBXGroup;
			children = (
				8D2387601DD9566500BF10E1 /* DockerStatsMenu */,
				8D23875F1DD9566500BF10E1 /* Products */,
			);
			sourceTree = "<group>";
		};
		8D23875F1DD9566500BF10E1 /* Products */ = {
			isa = PBXGroup;
			children = (
				8D23875E1DD9566500BF10E1 /* DockerStatsMenu.app */,
			);
			name = Products;
			sourceTree = "<group>";
		};
		8D2387601DD9566500BF10E1 /* DockerStatsMenu */ = {
			isa = PBXGroup;
			children = (
				8DF52DD51DDA3F13008875C5 /* Resources */,
				8D66EDCF1DEB1D6C00EB94F2 /* Model */,
				8DF52DD41DDA3F05008875C5 /* API */,
				8D2387611DD9566500BF10E1 /* AppDelegate.swift */,
				8D49332B1DF47AA700A74A5A /* ContainersMenuController.swift */,
			);
			path = DockerStatsMenu;
			sourceTree = "<group>";
		};
		8D66EDCF1DEB1D6C00EB94F2 /* Model */ = {
			isa = PBXGroup;
			children = (
				8D79841B1DE881AF0041B6E6 /* Container.swift */,
			);
			name = Model;
			sourceTree = "<group>";
		};
		8DF52DD41DDA3F05008875C5 /* API */ = {
			isa = PBXGroup;
			children = (
				8D23876E1DD956FE00BF10E1 /* DockerAPIClient.swift */,
				8DEE2A901DE5F5EA000E4B9D /* HTTPMessageWrapper.swift */,
				8D2387701DD956FE00BF10E1 /* UnixClientSocket.swift */,
			);
			name = API;
			sourceTree = "<group>";
		};
		8DF52DD51DDA3F13008875C5 /* Resources */ = {
			isa = PBXGroup;
			children = (
				8D2387631DD9566500BF10E1 /* Assets.xcassets */,
				8D2387681DD9566500BF10E1 /* Info.plist */,
				8D49332F1DF4824000A74A5A /* MainMenu.xib */,
			);
			name = Resources;
			sourceTree = "<group>";
		};
/* End PBXGroup section */

/* Begin PBXNativeTarget section */
		8D23875D1DD9566500BF10E1 /* DockerStatsMenu */ = {
			isa = PBXNativeTarget;
			buildConfigurationList = 8D23876B1DD9566500BF10E1 /* Build configuration list for PBXNativeTarget "DockerStatsMenu" */;
			buildPhases = (
				8D23875A1DD9566500BF10E1 /* Sources */,
				8D23875B1DD9566500BF10E1 /* Frameworks */,
				8D23875C1DD9566500BF10E1 /* Resources */,
			);
			buildRules = (
			);
			dependencies = (
			);
			name = DockerStatsMenu;
			productName = DockerStatsMenu;
			productReference = 8D23875E1DD9566500BF10E1 /* DockerStatsMenu.app */;
			productType = "com.apple.product-type.application";
		};
/* End PBXNativeTarget section */

/* Begin PBXProject section */
		8D2387561DD9566500BF10E1 /* Project object */ = {
			isa = PBXProject;
			attributes = {
				LastSwiftUpdateCheck = 0810;
				LastUpgradeCheck = 0820;
				ORGANIZATIONNAME = "Nicolas Gaulard-Querol";
				TargetAttributes = {
					8D23875D1DD9566500BF10E1 = {
						CreatedOnToolsVersion = 8.1;
						DevelopmentTeam = L8JTCTCWN2;
						ProvisioningStyle = Automatic;
					};
				};
			};
			buildConfigurationList = 8D2387591DD9566500BF10E1 /* Build configuration list for PBXProject "DockerStatsMenu" */;
			compatibilityVersion = "Xcode 3.2";
			developmentRegion = English;
			hasScannedForEncodings = 0;
			knownRegions = (
				en,
				Base,
			);
			mainGroup = 8D2387551DD9566500BF10E1;
			productRefGroup = 8D23875F1DD9566500BF10E1 /* Products */;
			projectDirPath = "";
			projectRoot = "";
			targets = (
				8D23875D1DD9566500BF10E1 /* DockerStatsMenu */,
			);
		};
/* End PBXProject section */

/* Begin PBXResourcesBuildPhase section */
		8D23875C1DD9566500BF10E1 /* Resources */ = {
			isa = PBXResourcesBuildPhase;
			buildActionMask = 2147483647;
			files = (
				8D2387641DD9566500BF10E1 /* Assets.xcassets in Resources */,
				8D4933301DF4824000A74A5A /* MainMenu.xib in Resources */,
			);
			runOnlyForDeploymentPostprocessing = 0;
		};
/* End PBXResourcesBuildPhase section */

/* Begin PBXSourcesBuildPhase section */
		8D23875A1DD9566500BF10E1 /* Sources */ = {
			isa = PBXSourcesBuildPhase;
			buildActionMask = 2147483647;
			files = (
				8DEE2A911DE5F5EA000E4B9D /* HTTPMessageWrapper.swift in Sources */,
				8D79841C1DE881AF0041B6E6 /* Container.swift in Sources */,
				8D2387731DD956FE00BF10E1 /* UnixClientSocket.swift in Sources */,
				8D49332D1DF47AA700A74A5A /* ContainersMenuController.swift in Sources */,
				8D2387711DD956FE00BF10E1 /* DockerAPIClient.swift in Sources */,
				8D2387621DD9566500BF10E1 /* AppDelegate.swift in Sources */,
			);
			runOnlyForDeploymentPostprocessing = 0;
		};
/* End PBXSourcesBuildPhase section */

/* Begin XCBuildConfiguration section */
		8D2387691DD9566500BF10E1 /* Debug */ = {
			isa = XCBuildConfiguration;
			buildSettings = {
				ALWAYS_SEARCH_USER_PATHS = NO;
				CLANG_ANALYZER_NONNULL = YES;
				CLANG_CXX_LANGUAGE_STANDARD = "gnu++0x";
				CLANG_CXX_LIBRARY = "libc++";
				CLANG_ENABLE_MODULES = YES;
				CLANG_ENABLE_OBJC_ARC = YES;
				CLANG_WARN_BOOL_CONVERSION = YES;
				CLANG_WARN_CONSTANT_CONVERSION = YES;
				CLANG_WARN_DIRECT_OBJC_ISA_USAGE = YES_ERROR;
				CLANG_WARN_DOCUMENTATION_COMMENTS = YES;
				CLANG_WARN_EMPTY_BODY = YES;
				CLANG_WARN_ENUM_CONVERSION = YES;
				CLANG_WARN_INFINITE_RECURSION = YES;
				CLANG_WARN_INT_CONVERSION = YES;
				CLANG_WARN_OBJC_ROOT_CLASS = YES_ERROR;
				CLANG_WARN_SUSPICIOUS_MOVE = YES;
				CLANG_WARN_SUSPICIOUS_MOVES = YES;
				CLANG_WARN_UNREACHABLE_CODE = YES;
				CLANG_WARN__DUPLICATE_METHOD_MATCH = YES;
				CODE_SIGN_IDENTITY = "-";
				COPY_PHASE_STRIP = NO;
				DEBUG_INFORMATION_FORMAT = dwarf;
				ENABLE_STRICT_OBJC_MSGSEND = YES;
				ENABLE_TESTABILITY = YES;
				GCC_C_LANGUAGE_STANDARD = gnu99;
				GCC_DYNAMIC_NO_PIC = NO;
				GCC_NO_COMMON_BLOCKS = YES;
				GCC_OPTIMIZATION_LEVEL = 0;
				GCC_PREPROCESSOR_DEFINITIONS = (
					"DEBUG=1",
					"$(inherited)",
				);
				GCC_WARN_64_TO_32_BIT_CONVERSION = YES;
				GCC_WARN_ABOUT_RETURN_TYPE = YES_ERROR;
				GCC_WARN_UNDECLARED_SELECTOR = YES;
				GCC_WARN_UNINITIALIZED_AUTOS = YES_AGGRESSIVE;
				GCC_WARN_UNUSED_FUNCTION = YES;
				GCC_WARN_UNUSED_VARIABLE = YES;
				MACOSX_DEPLOYMENT_TARGET = 10.12;
				MTL_ENABLE_DEBUG_INFO = YES;
				ONLY_ACTIVE_ARCH = YES;
				SDKROOT = macosx;
				SWIFT_ACTIVE_COMPILATION_CONDITIONS = DEBUG;
				SWIFT_OPTIMIZATION_LEVEL = "-Onone";
			};
			name = Debug;
		};
		8D23876A1DD9566500BF10E1 /* Release */ = {
			isa = XCBuildConfiguration;
			buildSettings = {
				ALWAYS_SEARCH_USER_PATHS = NO;
				CLANG_ANALYZER_NONNULL = YES;
				CLANG_CXX_LANGUAGE_STANDARD = "gnu++0x";
				CLANG_CXX_LIBRARY = "libc++";
				CLANG_ENABLE_MODULES = YES;
				CLANG_ENABLE_OBJC_ARC = YES;
				CLANG_WARN_BOOL_CONVERSION = YES;
				CLANG_WARN_CONSTANT_CONVERSION = YES;
				CLANG_WARN_DIRECT_OBJC_ISA_USAGE = YES_ERROR;
				CLANG_WARN_DOCUMENTATION_COMMENTS = YES;
				CLANG_WARN_EMPTY_BODY = YES;
				CLANG_WARN_ENUM_CONVERSION = YES;
				CLANG_WARN_INFINITE_RECURSION = YES;
				CLANG_WARN_INT_CONVERSION = YES;
				CLANG_WARN_OBJC_ROOT_CLASS = YES_ERROR;
				CLANG_WARN_SUSPICIOUS_MOVE = YES;
				CLANG_WARN_SUSPICIOUS_MOVES = YES;
				CLANG_WARN_UNREACHABLE_CODE = YES;
				CLANG_WARN__DUPLICATE_METHOD_MATCH = YES;
				CODE_SIGN_IDENTITY = "-";
				COPY_PHASE_STRIP = NO;
				DEBUG_INFORMATION_FORMAT = "dwarf-with-dsym";
				ENABLE_NS_ASSERTIONS = NO;
				ENABLE_STRICT_OBJC_MSGSEND = YES;
				GCC_C_LANGUAGE_STANDARD = gnu99;
				GCC_NO_COMMON_BLOCKS = YES;
				GCC_WARN_64_TO_32_BIT_CONVERSION = YES;
				GCC_WARN_ABOUT_RETURN_TYPE = YES_ERROR;
				GCC_WARN_UNDECLARED_SELECTOR = YES;
				GCC_WARN_UNINITIALIZED_AUTOS = YES_AGGRESSIVE;
				GCC_WARN_UNUSED_FUNCTION = YES;
				GCC_WARN_UNUSED_VARIABLE = YES;
				MACOSX_DEPLOYMENT_TARGET = 10.12;
				MTL_ENABLE_DEBUG_INFO = NO;
				SDKROOT = macosx;
				SWIFT_OPTIMIZATION_LEVEL = "-Owholemodule";
			};
			name = Release;
		};
		8D23876C1DD9566500BF10E1 /* Debug */ = {
			isa = XCBuildConfiguration;
			buildSettings = {
				ASSETCATALOG_COMPILER_APPICON_NAME = AppIcon;
				ASSETCATALOG_COMPILER_OPTIMIZATION = "";
				CODE_SIGN_IDENTITY = "Mac Developer";
				COMBINE_HIDPI_IMAGES = YES;
				DEVELOPMENT_TEAM = L8JTCTCWN2;
				INFOPLIST_FILE = DockerStatsMenu/Info.plist;
				LD_RUNPATH_SEARCH_PATHS = "$(inherited) @executable_path/../Frameworks";
				MACOSX_DEPLOYMENT_TARGET = 10.12;
				PRODUCT_BUNDLE_IDENTIFIER = fr.ngquerol.DockerStatsMenu;
				PRODUCT_NAME = "$(TARGET_NAME)";
				SWIFT_VERSION = 3.0;
			};
			name = Debug;
		};
		8D23876D1DD9566500BF10E1 /* Release */ = {
			isa = XCBuildConfiguration;
			buildSettings = {
				ASSETCATALOG_COMPILER_APPICON_NAME = AppIcon;
				ASSETCATALOG_COMPILER_OPTIMIZATION = "";
				CODE_SIGN_IDENTITY = "Mac Developer";
				COMBINE_HIDPI_IMAGES = YES;
				DEVELOPMENT_TEAM = L8JTCTCWN2;
				INFOPLIST_FILE = DockerStatsMenu/Info.plist;
				LD_RUNPATH_SEARCH_PATHS = "$(inherited) @executable_path/../Frameworks";
				MACOSX_DEPLOYMENT_TARGET = 10.12;
				PRODUCT_BUNDLE_IDENTIFIER = fr.ngquerol.DockerStatsMenu;
				PRODUCT_NAME = "$(TARGET_NAME)";
				SWIFT_VERSION = 3.0;
			};
			name = Release;
		};
/* End XCBuildConfiguration section */

/* Begin XCConfigurationList section */
		8D2387591DD9566500BF10E1 /* Build configuration list for PBXProject "DockerStatsMenu" */ = {
			isa = XCConfigurationList;
			buildConfigurations = (
				8D2387691DD9566500BF10E1 /* Debug */,
				8D23876A1DD9566500BF10E1 /* Release */,
			);
			defaultConfigurationIsVisible = 0;
			defaultConfigurationName = Release;
		};
		8D23876B1DD9566500BF10E1 /* Build configuration list for PBXNativeTarget "DockerStatsMenu" */ = {
			isa = XCConfigurationList;
			buildConfigurations = (
				8D23876C1DD9566500BF10E1 /* Debug */,
				8D23876D1DD9566500BF10E1 /* Release */,
			);
			defaultConfigurationIsVisible = 0;
			defaultConfigurationName = Release;
		};
/* End XCConfigurationList section */
	};
	rootObject = 8D2387561DD9566500BF10E1 /* Project object */;
}
